
Microsoft Visual Studio Solution File, Format Version 12.00
# Visual Studio 14
VisualStudioVersion = 14.0.25420.1
MinimumVisualStudioVersion = 10.0.40219.1
Project("{FAE04EC0-301F-11D3-BF4B-00C04F79EFBC}") = "Ztop.Todo.Web", "Ztop.Todo.Web\Ztop.Todo.Web.csproj", "{90B2931F-B922-4DF8-AC9B-FD44BC22E3C5}"
EndProject
Project("{FAE04EC0-301F-11D3-BF4B-00C04F79EFBC}") = "Ztop.Todo.Model", "Ztop.Todo.Model\Ztop.Todo.Model.csproj", "{7CD2B374-71D9-4D16-AFD2-4AD8B8E578DE}"
EndProject
Project("{FAE04EC0-301F-11D3-BF4B-00C04F79EFBC}") = "Ztop.Todo.Manager", "Ztop.Todo.Manager\Ztop.Todo.Manager.csproj", "{9CD9C6BB-3D53-4C9B-A99D-B0ED7FD9FD06}"
EndProject
Project("{FAE04EC0-301F-11D3-BF4B-00C04F79EFBC}") = "Ztop.Todo.Common", "Ztop.Todo.Common\Ztop.Todo.Common.csproj", "{81BB1B7C-C8B3-4C00-BDF4-D35A7055EF3C}"
EndProject
Project("{2150E333-8FDC-42A3-9474-1A3956D46DE8}") = "docs", "docs", "{8C54BA5C-36CF-4E70-9DB5-54B61F34428D}"
	ProjectSection(SolutionItems) = preProject
		docs\ztoptodo.sql = docs\ztoptodo.sql
	EndProjectSection
EndProject
Project("{FAE04EC0-301F-11D3-BF4B-00C04F79EFBC}") = "Ztop.Todo.WindowsClient", "Ztop.Todo.WindowsClient\Ztop.Todo.WindowsClient.csproj", "{91BC4D6E-04AF-477E-8216-DA272B3F8D8C}"
EndProject
Project("{FAE04EC0-301F-11D3-BF4B-00C04F79EFBC}") = "Ztop.Todo.ActiveDirectory", "Ztop.Todo.ActiveDirectory\Ztop.Todo.ActiveDirectory.csproj", "{1C595662-FE88-4117-AFB3-5FFDB3C5A178}"
EndProject
Project("{FAE04EC0-301F-11D3-BF4B-00C04F79EFBC}") = "Ztop.Todo.Services", "Ztop.Todo.Services\Ztop.Todo.Services.csproj", "{536753F2-95FD-4EA5-A934-53A71D93EA74}"
EndProject
Project("{FAE04EC0-301F-11D3-BF4B-00C04F79EFBC}") = "Ztop.Todo.Console", "Ztop.Todo.Console\Ztop.Todo.Console.csproj", "{2862BC65-6889-4318-BF7F-8ED60226AE91}"
EndProject
Project("{FAE04EC0-301F-11D3-BF4B-00C04F79EFBC}") = "Ztop.Todo.WebService", "Ztop.Todo.WebService\Ztop.Todo.WebService.csproj", "{3EA0AE43-E8D4-4F57-AB5F-322AD47623E3}"
EndProject
Project("{FAE04EC0-301F-11D3-BF4B-00C04F79EFBC}") = "Ztop.Todo.Update", "Ztop.Todo.Update\Ztop.Todo.Update.csproj", "{F381BDC9-A343-496B-989B-30796D9D5211}"
EndProject
Project("{FAE04EC0-301F-11D3-BF4B-00C04F79EFBC}") = "Ztop.Todo.UpdateAD", "Ztop.Todo.UpdateAD\Ztop.Todo.UpdateAD.csproj", "{EF496132-0C31-429E-B742-F163F4D124B2}"
EndProject
Global
	GlobalSection(SolutionConfigurationPlatforms) = preSolution
		Debug|Any CPU = Debug|Any CPU
		Debug|x64 = Debug|x64
		Debug|x86 = Debug|x86
		Release|Any CPU = Release|Any CPU
		Release|x64 = Release|x64
		Release|x86 = Release|x86
	EndGlobalSection
	GlobalSection(ProjectConfigurationPlatforms) = postSolution
		{90B2931F-B922-4DF8-AC9B-FD44BC22E3C5}.Debug|Any CPU.ActiveCfg = Debug|Any CPU
		{90B2931F-B922-4DF8-AC9B-FD44BC22E3C5}.Debug|Any CPU.Build.0 = Debug|Any CPU
		{90B2931F-B922-4DF8-AC9B-FD44BC22E3C5}.Debug|x64.ActiveCfg = Debug|x64
		{90B2931F-B922-4DF8-AC9B-FD44BC22E3C5}.Debug|x64.Build.0 = Debug|x64
		{90B2931F-B922-4DF8-AC9B-FD44BC22E3C5}.Debug|x86.ActiveCfg = Debug|x86
		{90B2931F-B922-4DF8-AC9B-FD44BC22E3C5}.Debug|x86.Build.0 = Debug|x86
		{90B2931F-B922-4DF8-AC9B-FD44BC22E3C5}.Release|Any CPU.ActiveCfg = Release|Any CPU
		{90B2931F-B922-4DF8-AC9B-FD44BC22E3C5}.Release|Any CPU.Build.0 = Release|Any CPU
		{90B2931F-B922-4DF8-AC9B-FD44BC22E3C5}.Release|x64.ActiveCfg = Release|x64
		{90B2931F-B922-4DF8-AC9B-FD44BC22E3C5}.Release|x64.Build.0 = Release|x64
		{90B2931F-B922-4DF8-AC9B-FD44BC22E3C5}.Release|x86.ActiveCfg = Release|x86
		{90B2931F-B922-4DF8-AC9B-FD44BC22E3C5}.Release|x86.Build.0 = Release|x86
		{7CD2B374-71D9-4D16-AFD2-4AD8B8E578DE}.Debug|Any CPU.ActiveCfg = Debug|Any CPU
		{7CD2B374-71D9-4D16-AFD2-4AD8B8E578DE}.Debug|Any CPU.Build.0 = Debug|Any CPU
		{7CD2B374-71D9-4D16-AFD2-4AD8B8E578DE}.Debug|x64.ActiveCfg = Debug|x64
		{7CD2B374-71D9-4D16-AFD2-4AD8B8E578DE}.Debug|x64.Build.0 = Debug|x64
		{7CD2B374-71D9-4D16-AFD2-4AD8B8E578DE}.Debug|x86.ActiveCfg = Debug|x86
		{7CD2B374-71D9-4D16-AFD2-4AD8B8E578DE}.Debug|x86.Build.0 = Debug|x86
		{7CD2B374-71D9-4D16-AFD2-4AD8B8E578DE}.Release|Any CPU.ActiveCfg = Release|Any CPU
		{7CD2B374-71D9-4D16-AFD2-4AD8B8E578DE}.Release|Any CPU.Build.0 = Release|Any CPU
		{7CD2B374-71D9-4D16-AFD2-4AD8B8E578DE}.Release|x64.ActiveCfg = Release|x64
		{7CD2B374-71D9-4D16-AFD2-4AD8B8E578DE}.Release|x64.Build.0 = Release|x64
		{7CD2B374-71D9-4D16-AFD2-4AD8B8E578DE}.Release|x86.ActiveCfg = Release|x86
		{7CD2B374-71D9-4D16-AFD2-4AD8B8E578DE}.Release|x86.Build.0 = Release|x86
		{9CD9C6BB-3D53-4C9B-A99D-B0ED7FD9FD06}.Debug|Any CPU.ActiveCfg = Debug|Any CPU
		{9CD9C6BB-3D53-4C9B-A99D-B0ED7FD9FD06}.Debug|Any CPU.Build.0 = Debug|Any CPU
		{9CD9C6BB-3D53-4C9B-A99D-B0ED7FD9FD06}.Debug|x64.ActiveCfg = Debug|x64
		{9CD9C6BB-3D53-4C9B-A99D-B0ED7FD9FD06}.Debug|x64.Build.0 = Debug|x64
		{9CD9C6BB-3D53-4C9B-A99D-B0ED7FD9FD06}.Debug|x86.ActiveCfg = Debug|x86
		{9CD9C6BB-3D53-4C9B-A99D-B0ED7FD9FD06}.Debug|x86.Build.0 = Debug|x86
		{9CD9C6BB-3D53-4C9B-A99D-B0ED7FD9FD06}.Release|Any CPU.ActiveCfg = Release|Any CPU
		{9CD9C6BB-3D53-4C9B-A99D-B0ED7FD9FD06}.Release|Any CPU.Build.0 = Release|Any CPU
		{9CD9C6BB-3D53-4C9B-A99D-B0ED7FD9FD06}.Release|x64.ActiveCfg = Release|x64
		{9CD9C6BB-3D53-4C9B-A99D-B0ED7FD9FD06}.Release|x64.Build.0 = Release|x64
		{9CD9C6BB-3D53-4C9B-A99D-B0ED7FD9FD06}.Release|x86.ActiveCfg = Release|x86
		{9CD9C6BB-3D53-4C9B-A99D-B0ED7FD9FD06}.Release|x86.Build.0 = Release|x86
		{81BB1B7C-C8B3-4C00-BDF4-D35A7055EF3C}.Debug|Any CPU.ActiveCfg = Debug|Any CPU
		{81BB1B7C-C8B3-4C00-BDF4-D35A7055EF3C}.Debug|Any CPU.Build.0 = Debug|Any CPU
		{81BB1B7C-C8B3-4C00-BDF4-D35A7055EF3C}.Debug|x64.ActiveCfg = Debug|x64
		{81BB1B7C-C8B3-4C00-BDF4-D35A7055EF3C}.Debug|x64.Build.0 = Debug|x64
		{81BB1B7C-C8B3-4C00-BDF4-D35A7055EF3C}.Debug|x86.ActiveCfg = Debug|x86
		{81BB1B7C-C8B3-4C00-BDF4-D35A7055EF3C}.Debug|x86.Build.0 = Debug|x86
		{81BB1B7C-C8B3-4C00-BDF4-D35A7055EF3C}.Release|Any CPU.ActiveCfg = Release|Any CPU
		{81BB1B7C-C8B3-4C00-BDF4-D35A7055EF3C}.Release|Any CPU.Build.0 = Release|Any CPU
		{81BB1B7C-C8B3-4C00-BDF4-D35A7055EF3C}.Release|x64.ActiveCfg = Release|x64
		{81BB1B7C-C8B3-4C00-BDF4-D35A7055EF3C}.Release|x64.Build.0 = Release|x64
		{81BB1B7C-C8B3-4C00-BDF4-D35A7055EF3C}.Release|x86.ActiveCfg = Release|x86
		{81BB1B7C-C8B3-4C00-BDF4-D35A7055EF3C}.Release|x86.Build.0 = Release|x86
		{91BC4D6E-04AF-477E-8216-DA272B3F8D8C}.Debug|Any CPU.ActiveCfg = Debug|Any CPU
		{91BC4D6E-04AF-477E-8216-DA272B3F8D8C}.Debug|Any CPU.Build.0 = Debug|Any CPU
		{91BC4D6E-04AF-477E-8216-DA272B3F8D8C}.Debug|x64.ActiveCfg = Debug|Any CPU
		{91BC4D6E-04AF-477E-8216-DA272B3F8D8C}.Debug|x86.ActiveCfg = Debug|Any CPU
		{91BC4D6E-04AF-477E-8216-DA272B3F8D8C}.Release|Any CPU.ActiveCfg = Release|Any CPU
		{91BC4D6E-04AF-477E-8216-DA272B3F8D8C}.Release|Any CPU.Build.0 = Release|Any CPU
		{91BC4D6E-04AF-477E-8216-DA272B3F8D8C}.Release|x64.ActiveCfg = Release|Any CPU
		{91BC4D6E-04AF-477E-8216-DA272B3F8D8C}.Release|x86.ActiveCfg = Release|Any CPU
		{1C595662-FE88-4117-AFB3-5FFDB3C5A178}.Debug|Any CPU.ActiveCfg = Debug|Any CPU
		{1C595662-FE88-4117-AFB3-5FFDB3C5A178}.Debug|Any CPU.Build.0 = Debug|Any CPU
		{1C595662-FE88-4117-AFB3-5FFDB3C5A178}.Debug|x64.ActiveCfg = Debug|x64
		{1C595662-FE88-4117-AFB3-5FFDB3C5A178}.Debug|x64.Build.0 = Debug|x64
		{1C595662-FE88-4117-AFB3-5FFDB3C5A178}.Debug|x86.ActiveCfg = Debug|x86
		{1C595662-FE88-4117-AFB3-5FFDB3C5A178}.Debug|x86.Build.0 = Debug|x86
		{1C595662-FE88-4117-AFB3-5FFDB3C5A178}.Release|Any CPU.ActiveCfg = Release|Any CPU
		{1C595662-FE88-4117-AFB3-5FFDB3C5A178}.Release|Any CPU.Build.0 = Release|Any CPU
		{1C595662-FE88-4117-AFB3-5FFDB3C5A178}.Release|x64.ActiveCfg = Release|x64
		{1C595662-FE88-4117-AFB3-5FFDB3C5A178}.Release|x64.Build.0 = Release|x64
		{1C595662-FE88-4117-AFB3-5FFDB3C5A178}.Release|x86.ActiveCfg = Release|x86
		{1C595662-FE88-4117-AFB3-5FFDB3C5A178}.Release|x86.Build.0 = Release|x86
		{536753F2-95FD-4EA5-A934-53A71D93EA74}.Debug|Any CPU.ActiveCfg = Debug|Any CPU
		{536753F2-95FD-4EA5-A934-53A71D93EA74}.Debug|Any CPU.Build.0 = Debug|Any CPU
		{536753F2-95FD-4EA5-A934-53A71D93EA74}.Debug|x64.ActiveCfg = Debug|x64
		{536753F2-95FD-4EA5-A934-53A71D93EA74}.Debug|x64.Build.0 = Debug|x64
		{536753F2-95FD-4EA5-A934-53A71D93EA74}.Debug|x86.ActiveCfg = Debug|x86
		{536753F2-95FD-4EA5-A934-53A71D93EA74}.Debug|x86.Build.0 = Debug|x86
		{536753F2-95FD-4EA5-A934-53A71D93EA74}.Release|Any CPU.ActiveCfg = Release|Any CPU
		{536753F2-95FD-4EA5-A934-53A71D93EA74}.Release|Any CPU.Build.0 = Release|Any CPU
		{536753F2-95FD-4EA5-A934-53A71D93EA74}.Release|x64.ActiveCfg = Release|x64
		{536753F2-95FD-4EA5-A934-53A71D93EA74}.Release|x64.Build.0 = Release|x64
		{536753F2-95FD-4EA5-A934-53A71D93EA74}.Release|x86.ActiveCfg = Release|x86
		{536753F2-95FD-4EA5-A934-53A71D93EA74}.Release|x86.Build.0 = Release|x86
		{2862BC65-6889-4318-BF7F-8ED60226AE91}.Debug|Any CPU.ActiveCfg = Debug|Any CPU
		{2862BC65-6889-4318-BF7F-8ED60226AE91}.Debug|Any CPU.Build.0 = Debug|Any CPU
		{2862BC65-6889-4318-BF7F-8ED60226AE91}.Debug|x64.ActiveCfg = Debug|x64
		{2862BC65-6889-4318-BF7F-8ED60226AE91}.Debug|x64.Build.0 = Debug|x64
		{2862BC65-6889-4318-BF7F-8ED60226AE91}.Debug|x86.ActiveCfg = Debug|x86
		{2862BC65-6889-4318-BF7F-8ED60226AE91}.Debug|x86.Build.0 = Debug|x86
		{2862BC65-6889-4318-BF7F-8ED60226AE91}.Release|Any CPU.ActiveCfg = Release|Any CPU
		{2862BC65-6889-4318-BF7F-8ED60226AE91}.Release|Any CPU.Build.0 = Release|Any CPU
		{2862BC65-6889-4318-BF7F-8ED60226AE91}.Release|x64.ActiveCfg = Release|x64
		{2862BC65-6889-4318-BF7F-8ED60226AE91}.Release|x64.Build.0 = Release|x64
		{2862BC65-6889-4318-BF7F-8ED60226AE91}.Release|x86.ActiveCfg = Release|x86
		{2862BC65-6889-4318-BF7F-8ED60226AE91}.Release|x86.Build.0 = Release|x86
		{3EA0AE43-E8D4-4F57-AB5F-322AD47623E3}.Debug|Any CPU.ActiveCfg = Debug|Any CPU
		{3EA0AE43-E8D4-4F57-AB5F-322AD47623E3}.Debug|Any CPU.Build.0 = Debug|Any CPU
		{3EA0AE43-E8D4-4F57-AB5F-322AD47623E3}.Debug|x64.ActiveCfg = Debug|x64
		{3EA0AE43-E8D4-4F57-AB5F-322AD47623E3}.Debug|x64.Build.0 = Debug|x64
		{3EA0AE43-E8D4-4F57-AB5F-322AD47623E3}.Debug|x86.ActiveCfg = Debug|x86
		{3EA0AE43-E8D4-4F57-AB5F-322AD47623E3}.Debug|x86.Build.0 = Debug|x86
		{3EA0AE43-E8D4-4F57-AB5F-322AD47623E3}.Release|Any CPU.ActiveCfg = Release|Any CPU
		{3EA0AE43-E8D4-4F57-AB5F-322AD47623E3}.Release|Any CPU.Build.0 = Release|Any CPU
		{3EA0AE43-E8D4-4F57-AB5F-322AD47623E3}.Release|x64.ActiveCfg = Release|x64
		{3EA0AE43-E8D4-4F57-AB5F-322AD47623E3}.Release|x64.Build.0 = Release|x64
		{3EA0AE43-E8D4-4F57-AB5F-322AD47623E3}.Release|x86.ActiveCfg = Release|x86
		{3EA0AE43-E8D4-4F57-AB5F-322AD47623E3}.Release|x86.Build.0 = Release|x86
		{F381BDC9-A343-496B-989B-30796D9D5211}.Debug|Any CPU.ActiveCfg = Debug|Any CPU
		{F381BDC9-A343-496B-989B-30796D9D5211}.Debug|Any CPU.Build.0 = Debug|Any CPU
		{F381BDC9-A343-496B-989B-30796D9D5211}.Debug|x64.ActiveCfg = Debug|x64
		{F381BDC9-A343-496B-989B-30796D9D5211}.Debug|x64.Build.0 = Debug|x64
		{F381BDC9-A343-496B-989B-30796D9D5211}.Debug|x86.ActiveCfg = Debug|Any CPU
		{F381BDC9-A343-496B-989B-30796D9D5211}.Release|Any CPU.ActiveCfg = Release|Any CPU
		{F381BDC9-A343-496B-989B-30796D9D5211}.Release|Any CPU.Build.0 = Release|Any CPU
		{F381BDC9-A343-496B-989B-30796D9D5211}.Release|x64.ActiveCfg = Release|x64
		{F381BDC9-A343-496B-989B-30796D9D5211}.Release|x64.Build.0 = Release|x64
		{F381BDC9-A343-496B-989B-30796D9D5211}.Release|x86.ActiveCfg = Release|Any CPU
		{EF496132-0C31-429E-B742-F163F4D124B2}.Debug|Any CPU.ActiveCfg = Debug|Any CPU
		{EF496132-0C31-429E-B742-F163F4D124B2}.Debug|Any CPU.Build.0 = Debug|Any CPU
		{EF496132-0C31-429E-B742-F163F4D124B2}.Debug|x64.ActiveCfg = Debug|x64
		{EF496132-0C31-429E-B742-F163F4D124B2}.Debug|x64.Build.0 = Debug|x64
		{EF496132-0C31-429E-B742-F163F4D124B2}.Debug|x86.ActiveCfg = Debug|x86
		{EF496132-0C31-429E-B742-F163F4D124B2}.Debug|x86.Build.0 = Debug|x86
		{EF496132-0C31-429E-B742-F163F4D124B2}.Release|Any CPU.ActiveCfg = Release|Any CPU
		{EF496132-0C31-429E-B742-F163F4D124B2}.Release|Any CPU.Build.0 = Release|Any CPU
		{EF496132-0C31-429E-B742-F163F4D124B2}.Release|x64.ActiveCfg = Release|x64
		{EF496132-0C31-429E-B742-F163F4D124B2}.Release|x64.Build.0 = Release|x64
		{EF496132-0C31-429E-B742-F163F4D124B2}.Release|x86.ActiveCfg = Release|x86
		{EF496132-0C31-429E-B742-F163F4D124B2}.Release|x86.Build.0 = Release|x86
	EndGlobalSection
	GlobalSection(SolutionProperties) = preSolution
		HideSolutionNode = FALSE
	EndGlobalSection
EndGlobal
